
Microsoft Visual Studio Solution File, Format Version 12.00
# Visual Studio Version 17
VisualStudioVersion = 17.14.36414.22 d17.14
MinimumVisualStudioVersion = 10.0.40219.1
Project("{FAE04EC0-301F-11D3-BF4B-00C04F79EFBC}") = "HelloWorld", "HelloWorld\HelloWorld.csproj", "{1ACB6DE8-1598-414B-9DEF-7643AA65E446}"
EndProject
Global
	GlobalSection(SolutionConfigurationPlatforms) = preSolution
		Debug|Any CPU = Debug|Any CPU
		Release|Any CPU = Release|Any CPU
	EndGlobalSection
	GlobalSection(ProjectConfigurationPlatforms) = postSolution
		{1ACB6DE8-1598-414B-9DEF-7643AA65E446}.Debug|Any CPU.ActiveCfg = Debug|Any CPU
		{1ACB6DE8-1598-414B-9DEF-7643AA65E446}.Debug|Any CPU.Build.0 = Debug|Any CPU
		{1ACB6DE8-1598-414B-9DEF-7643AA65E446}.Release|Any CPU.ActiveCfg = Release|Any CPU
		{1ACB6DE8-1598-414B-9DEF-7643AA65E446}.Release|Any CPU.Build.0 = Release|Any CPU
	EndGlobalSection
	GlobalSection(SolutionProperties) = preSolution
		HideSolutionNode = FALSE
	EndGlobalSection
	GlobalSection(ExtensibilityGlobals) = postSolution
		SolutionGuid = {2EAB4889-DB8E-4EF7-BAF8-C6E5CD41D8B8}
	EndGlobalSection
EndGlobal
